
Microsoft Visual Studio Solution File, Format Version 12.00
# Visual Studio Version 17
VisualStudioVersion = 17.1.32407.343
MinimumVisualStudioVersion = 10.0.40219.1
Project("{FAE04EC0-301F-11D3-BF4B-00C04F79EFBC}") = "Serilog.Sinks.AzureQueueStoragev2", "Serilog.Sinks.AzureQueueStoragev2\Serilog.Sinks.AzureQueueStoragev2.csproj", "{11831C23-BCA0-4C38-9E22-FAA998C10276}"
EndProject
Project("{FAE04EC0-301F-11D3-BF4B-00C04F79EFBC}") = "Serilog.Sinks.AzureQueueStoragev2.Tests", "Serilog.Sinks.AzureQueueStoragev2.Tests\Serilog.Sinks.AzureQueueStoragev2.Tests.csproj", "{5F5DD621-C309-4E39-9E19-F3875E17A065}"
EndProject
Global
	GlobalSection(SolutionConfigurationPlatforms) = preSolution
		Debug|Any CPU = Debug|Any CPU
		Release|Any CPU = Release|Any CPU
	EndGlobalSection
	GlobalSection(ProjectConfigurationPlatforms) = postSolution
		{11831C23-BCA0-4C38-9E22-FAA998C10276}.Debug|Any CPU.ActiveCfg = Debug|Any CPU
		{11831C23-BCA0-4C38-9E22-FAA998C10276}.Debug|Any CPU.Build.0 = Debug|Any CPU
		{11831C23-BCA0-4C38-9E22-FAA998C10276}.Release|Any CPU.ActiveCfg = Release|Any CPU
		{11831C23-BCA0-4C38-9E22-FAA998C10276}.Release|Any CPU.Build.0 = Release|Any CPU
		{5F5DD621-C309-4E39-9E19-F3875E17A065}.Debug|Any CPU.ActiveCfg = Debug|Any CPU
		{5F5DD621-C309-4E39-9E19-F3875E17A065}.Debug|Any CPU.Build.0 = Debug|Any CPU
		{5F5DD621-C309-4E39-9E19-F3875E17A065}.Release|Any CPU.ActiveCfg = Release|Any CPU
		{5F5DD621-C309-4E39-9E19-F3875E17A065}.Release|Any CPU.Build.0 = Release|Any CPU
	EndGlobalSection
	GlobalSection(SolutionProperties) = preSolution
		HideSolutionNode = FALSE
	EndGlobalSection
	GlobalSection(ExtensibilityGlobals) = postSolution
		SolutionGuid = {6AE974E5-DF7C-4D15-B438-AF6C5DA3ECD0}
	EndGlobalSection
EndGlobal
